
Microsoft Visual Studio Solution File, Format Version 12.00
# Visual Studio Version 16
VisualStudioVersion = 16.0.31515.178
MinimumVisualStudioVersion = 10.0.40219.1
Project("{888888A0-9F3D-457C-B088-3A5042F75D52}") = "Strings and Dates", "Strings and Dates.pyproj", "{73E551DA-231A-4EF3-B649-BA0A0C05F689}"
EndProject
Global
	GlobalSection(SolutionConfigurationPlatforms) = preSolution
		Debug|Any CPU = Debug|Any CPU
		Release|Any CPU = Release|Any CPU
	EndGlobalSection
	GlobalSection(ProjectConfigurationPlatforms) = postSolution
		{73E551DA-231A-4EF3-B649-BA0A0C05F689}.Debug|Any CPU.ActiveCfg = Debug|Any CPU
		{73E551DA-231A-4EF3-B649-BA0A0C05F689}.Release|Any CPU.ActiveCfg = Release|Any CPU
	EndGlobalSection
	GlobalSection(SolutionProperties) = preSolution
		HideSolutionNode = FALSE
	EndGlobalSection
	GlobalSection(ExtensibilityGlobals) = postSolution
		SolutionGuid = {B3ADE5D3-666C-4176-806B-7382819C6E49}
	EndGlobalSection
EndGlobal
